
Microsoft Visual Studio Solution File, Format Version 12.00
# Visual Studio 15
VisualStudioVersion = 15.0.28307.168
MinimumVisualStudioVersion = 10.0.40219.1
Project("{FAE04EC0-301F-11D3-BF4B-00C04F79EFBC}") = "FuelDistributorConsoleApplication", "FuelDistributorConsoleApplication.csproj", "{6F354927-0DFD-4261-A656-E0215613F27C}"
EndProject
Global
	GlobalSection(SolutionConfigurationPlatforms) = preSolution
		Debug|Any CPU = Debug|Any CPU
		Release|Any CPU = Release|Any CPU
	EndGlobalSection
	GlobalSection(ProjectConfigurationPlatforms) = postSolution
		{6F354927-0DFD-4261-A656-E0215613F27C}.Debug|Any CPU.ActiveCfg = Debug|Any CPU
		{6F354927-0DFD-4261-A656-E0215613F27C}.Debug|Any CPU.Build.0 = Debug|Any CPU
		{6F354927-0DFD-4261-A656-E0215613F27C}.Release|Any CPU.ActiveCfg = Release|Any CPU
		{6F354927-0DFD-4261-A656-E0215613F27C}.Release|Any CPU.Build.0 = Release|Any CPU
	EndGlobalSection
	GlobalSection(SolutionProperties) = preSolution
		HideSolutionNode = FALSE
	EndGlobalSection
	GlobalSection(ExtensibilityGlobals) = postSolution
		SolutionGuid = {A8F7757A-C8F4-4596-880F-33F1D466B99C}
	EndGlobalSection
EndGlobal
